
Microsoft Visual Studio Solution File, Format Version 12.00
# Visual Studio 15
VisualStudioVersion = 15.0.27703.2035
MinimumVisualStudioVersion = 10.0.40219.1
Project("{9A19103F-16F7-4668-BE54-9A1E7A4F7556}") = "SmartPlugAuthLambda", "SmartPlugAuthLambda\SmartPlugAuthLambda.csproj", "{FCF44EF9-214E-43F1-B7A6-A04935FEF928}"
EndProject
Project("{9A19103F-16F7-4668-BE54-9A1E7A4F7556}") = "SmartPLugHandlerLambda", "SmartPLugHandlerLambda\SmartPLugHandlerLambda.csproj", "{A44621C0-D565-45A8-B218-1EEBFCCB7314}"
EndProject
Project("{FAE04EC0-301F-11D3-BF4B-00C04F79EFBC}") = "SmartPlug", "SmartPlug\SmartPlug.csproj", "{769EC1B1-F8B7-4E8F-8EFE-891B5F5C73CD}"
EndProject
Global
	GlobalSection(SolutionConfigurationPlatforms) = preSolution
		Debug|Any CPU = Debug|Any CPU
		Release|Any CPU = Release|Any CPU
	EndGlobalSection
	GlobalSection(ProjectConfigurationPlatforms) = postSolution
		{FCF44EF9-214E-43F1-B7A6-A04935FEF928}.Debug|Any CPU.ActiveCfg = Debug|Any CPU
		{FCF44EF9-214E-43F1-B7A6-A04935FEF928}.Debug|Any CPU.Build.0 = Debug|Any CPU
		{FCF44EF9-214E-43F1-B7A6-A04935FEF928}.Release|Any CPU.ActiveCfg = Release|Any CPU
		{FCF44EF9-214E-43F1-B7A6-A04935FEF928}.Release|Any CPU.Build.0 = Release|Any CPU
		{A44621C0-D565-45A8-B218-1EEBFCCB7314}.Debug|Any CPU.ActiveCfg = Debug|Any CPU
		{A44621C0-D565-45A8-B218-1EEBFCCB7314}.Debug|Any CPU.Build.0 = Debug|Any CPU
		{A44621C0-D565-45A8-B218-1EEBFCCB7314}.Release|Any CPU.ActiveCfg = Release|Any CPU
		{A44621C0-D565-45A8-B218-1EEBFCCB7314}.Release|Any CPU.Build.0 = Release|Any CPU
		{769EC1B1-F8B7-4E8F-8EFE-891B5F5C73CD}.Debug|Any CPU.ActiveCfg = Debug|Any CPU
		{769EC1B1-F8B7-4E8F-8EFE-891B5F5C73CD}.Debug|Any CPU.Build.0 = Debug|Any CPU
		{769EC1B1-F8B7-4E8F-8EFE-891B5F5C73CD}.Release|Any CPU.ActiveCfg = Release|Any CPU
		{769EC1B1-F8B7-4E8F-8EFE-891B5F5C73CD}.Release|Any CPU.Build.0 = Release|Any CPU
	EndGlobalSection
	GlobalSection(SolutionProperties) = preSolution
		HideSolutionNode = FALSE
	EndGlobalSection
	GlobalSection(ExtensibilityGlobals) = postSolution
		SolutionGuid = {D6497E84-B93B-4F60-BEA3-D4D16BF4B875}
	EndGlobalSection
EndGlobal
